{
  "nodes": {
    "nixpkgs": {
      "locked": {
        "lastModified": 1676817468,
        "narHash": "sha256-ovuJ1jQOC2/EEibufBkXmSN/O9mLx80Wh7aDmHmHAhA=",
        "owner": "nixos",
        "repo": "nixpkgs",
        "rev": "0cf4274b5d06325bd16dbf879a30981bc283e58a",
        "type": "github"
      },
      "original": {
        "owner": "nixos",
        "ref": "nixos-22.11",
        "repo": "nixpkgs",
        "type": "github"
      }
    },
    "root": {
      "inputs": {
        "nixpkgs": "nixpkgs"
      }
    }
  },
  "root": "root",
  "version": 7
}
